
Microsoft Visual Studio Solution File, Format Version 12.00
# Visual Studio Version 17
VisualStudioVersion = 17.9.34714.143
MinimumVisualStudioVersion = 10.0.40219.1
Project("{FAE04EC0-301F-11D3-BF4B-00C04F79EFBC}") = "InventarioASP", "InventarioASP\InventarioASP.csproj", "{9419FFB1-AFF9-460D-95BB-D2F0668D18FF}"
EndProject
Global
	GlobalSection(SolutionConfigurationPlatforms) = preSolution
		Debug|Any CPU = Debug|Any CPU
		Release|Any CPU = Release|Any CPU
	EndGlobalSection
	GlobalSection(ProjectConfigurationPlatforms) = postSolution
		{9419FFB1-AFF9-460D-95BB-D2F0668D18FF}.Debug|Any CPU.ActiveCfg = Debug|Any CPU
		{9419FFB1-AFF9-460D-95BB-D2F0668D18FF}.Debug|Any CPU.Build.0 = Debug|Any CPU
		{9419FFB1-AFF9-460D-95BB-D2F0668D18FF}.Release|Any CPU.ActiveCfg = Release|Any CPU
		{9419FFB1-AFF9-460D-95BB-D2F0668D18FF}.Release|Any CPU.Build.0 = Release|Any CPU
	EndGlobalSection
	GlobalSection(SolutionProperties) = preSolution
		HideSolutionNode = FALSE
	EndGlobalSection
	GlobalSection(ExtensibilityGlobals) = postSolution
		SolutionGuid = {53799CD4-047A-42AB-9D99-2A968230336B}
	EndGlobalSection
EndGlobal
